{
  "name": "uni-pay-co",
  "requires": true,
  "lockfileVersion": 1,
  "dependencies": {
    "uni-config-center": {
      "version": "file:../../../../uni-config-center/uniCloud/cloudfunctions/common/uni-config-center"
    },
    "uni-id-common": {
      "version": "file:../../../../uni-id-common/uniCloud/cloudfunctions/common/uni-id-common",
      "requires": {
        "uni-config-center": "file:../../../../uni-config-center/uniCloud/cloudfunctions/common/uni-config-center"
      },
      "dependencies": {
        "uni-config-center": {
          "version": "file:../../../../uni-config-center/uniCloud/cloudfunctions/common/uni-config-center"
        }
      }
    },
    "uni-pay": {
      "version": "file:../common/uni-pay"
    }
  }
}
